
Microsoft Visual Studio Solution File, Format Version 12.00
# Visual Studio 2015
Project("{FAE04EC0-301F-11D3-BF4B-00C04F79EFBC}") = "Blocking_wooply.CSharp", "Blocking_wooply.CSharp.csproj", "{0523CB0B-7A5C-431F-BD79-423AD20198FE}"
EndProject
Global
	GlobalSection(SolutionConfigurationPlatforms) = preSolution
		Debug|Any CPU = Debug|Any CPU
		Release|Any CPU = Release|Any CPU
	EndGlobalSection
	GlobalSection(ProjectConfigurationPlatforms) = postSolution
		{0523CB0B-7A5C-431F-BD79-423AD20198FE}.Debug|Any CPU.ActiveCfg = Debug|Any CPU
		{0523CB0B-7A5C-431F-BD79-423AD20198FE}.Debug|Any CPU.Build.0 = Debug|Any CPU
		{0523CB0B-7A5C-431F-BD79-423AD20198FE}.Release|Any CPU.ActiveCfg = Release|Any CPU
		{0523CB0B-7A5C-431F-BD79-423AD20198FE}.Release|Any CPU.Build.0 = Release|Any CPU
	EndGlobalSection
	GlobalSection(SolutionProperties) = preSolution
		HideSolutionNode = FALSE
	EndGlobalSection
EndGlobal
